
Microsoft Visual Studio Solution File, Format Version 12.00
# Visual Studio Version 17
VisualStudioVersion = 17.5.33530.505
MinimumVisualStudioVersion = 10.0.40219.1
Project("{9A19103F-16F7-4668-BE54-9A1E7A4F7556}") = "OpenClosed", "..\OpenClosed\OpenClosed.csproj", "{C8571777-3A2A-42E5-A1AA-626E811E9D1B}"
EndProject
Project("{2150E333-8FDC-42A3-9474-1A3956D46DE8}") = "SOLID", "SOLID", "{57B14E23-47B5-42D9-8D02-F0820427C0E1}"
EndProject
Project("{9A19103F-16F7-4668-BE54-9A1E7A4F7556}") = "LiskovSubstitutionPrinciple", "..\LiskovSubstitutionPrinciple\LiskovSubstitutionPrinciple.csproj", "{B0786F30-BC1D-42A5-AADD-A92BE71F7243}"
EndProject
Project("{9A19103F-16F7-4668-BE54-9A1E7A4F7556}") = "InterfaceSegregationPrinciple", "..\InterfaceSegregationPrinciple\InterfaceSegregationPrinciple.csproj", "{4C05ED5C-1226-43BF-9B53-E538E71F5AE2}"
EndProject
Project("{9A19103F-16F7-4668-BE54-9A1E7A4F7556}") = "DependencyInversionPrinciple", "..\DependencyInversionPrinciple\DependencyInversionPrinciple.csproj", "{826707F2-E607-4456-9A1B-6C5115D5DE9C}"
EndProject
Project("{9A19103F-16F7-4668-BE54-9A1E7A4F7556}") = "SingleResponsibility", "SingleResponsibility.csproj", "{AE8B0C19-3D0C-45D4-A592-782CDCB39543}"
EndProject
Global
	GlobalSection(SolutionConfigurationPlatforms) = preSolution
		Debug|Any CPU = Debug|Any CPU
		Release|Any CPU = Release|Any CPU
	EndGlobalSection
	GlobalSection(ProjectConfigurationPlatforms) = postSolution
		{C8571777-3A2A-42E5-A1AA-626E811E9D1B}.Debug|Any CPU.ActiveCfg = Debug|Any CPU
		{C8571777-3A2A-42E5-A1AA-626E811E9D1B}.Debug|Any CPU.Build.0 = Debug|Any CPU
		{C8571777-3A2A-42E5-A1AA-626E811E9D1B}.Release|Any CPU.ActiveCfg = Release|Any CPU
		{C8571777-3A2A-42E5-A1AA-626E811E9D1B}.Release|Any CPU.Build.0 = Release|Any CPU
		{B0786F30-BC1D-42A5-AADD-A92BE71F7243}.Debug|Any CPU.ActiveCfg = Debug|Any CPU
		{B0786F30-BC1D-42A5-AADD-A92BE71F7243}.Debug|Any CPU.Build.0 = Debug|Any CPU
		{B0786F30-BC1D-42A5-AADD-A92BE71F7243}.Release|Any CPU.ActiveCfg = Release|Any CPU
		{B0786F30-BC1D-42A5-AADD-A92BE71F7243}.Release|Any CPU.Build.0 = Release|Any CPU
		{4C05ED5C-1226-43BF-9B53-E538E71F5AE2}.Debug|Any CPU.ActiveCfg = Debug|Any CPU
		{4C05ED5C-1226-43BF-9B53-E538E71F5AE2}.Debug|Any CPU.Build.0 = Debug|Any CPU
		{4C05ED5C-1226-43BF-9B53-E538E71F5AE2}.Release|Any CPU.ActiveCfg = Release|Any CPU
		{4C05ED5C-1226-43BF-9B53-E538E71F5AE2}.Release|Any CPU.Build.0 = Release|Any CPU
		{826707F2-E607-4456-9A1B-6C5115D5DE9C}.Debug|Any CPU.ActiveCfg = Debug|Any CPU
		{826707F2-E607-4456-9A1B-6C5115D5DE9C}.Debug|Any CPU.Build.0 = Debug|Any CPU
		{826707F2-E607-4456-9A1B-6C5115D5DE9C}.Release|Any CPU.ActiveCfg = Release|Any CPU
		{826707F2-E607-4456-9A1B-6C5115D5DE9C}.Release|Any CPU.Build.0 = Release|Any CPU
		{AE8B0C19-3D0C-45D4-A592-782CDCB39543}.Debug|Any CPU.ActiveCfg = Debug|Any CPU
		{AE8B0C19-3D0C-45D4-A592-782CDCB39543}.Debug|Any CPU.Build.0 = Debug|Any CPU
		{AE8B0C19-3D0C-45D4-A592-782CDCB39543}.Release|Any CPU.ActiveCfg = Release|Any CPU
		{AE8B0C19-3D0C-45D4-A592-782CDCB39543}.Release|Any CPU.Build.0 = Release|Any CPU
	EndGlobalSection
	GlobalSection(SolutionProperties) = preSolution
		HideSolutionNode = FALSE
	EndGlobalSection
	GlobalSection(NestedProjects) = preSolution
		{C8571777-3A2A-42E5-A1AA-626E811E9D1B} = {57B14E23-47B5-42D9-8D02-F0820427C0E1}
		{B0786F30-BC1D-42A5-AADD-A92BE71F7243} = {57B14E23-47B5-42D9-8D02-F0820427C0E1}
		{4C05ED5C-1226-43BF-9B53-E538E71F5AE2} = {57B14E23-47B5-42D9-8D02-F0820427C0E1}
		{826707F2-E607-4456-9A1B-6C5115D5DE9C} = {57B14E23-47B5-42D9-8D02-F0820427C0E1}
		{AE8B0C19-3D0C-45D4-A592-782CDCB39543} = {57B14E23-47B5-42D9-8D02-F0820427C0E1}
	EndGlobalSection
	GlobalSection(ExtensibilityGlobals) = postSolution
		SolutionGuid = {60AAB8AF-62F3-4823-98E1-D0A6F11C3FAC}
	EndGlobalSection
EndGlobal
